
Microsoft Visual Studio Solution File, Format Version 12.00
# Visual Studio Version 16
VisualStudioVersion = 16.0.29806.167
MinimumVisualStudioVersion = 10.0.40219.1
Project("{8BC9CEB8-8B4A-11D0-8D11-00A0C91BC942}") = "OpenGLExercise01", "OpenGLExercise01\OpenGLExercise01.vcxproj", "{BE1A04DD-8ACA-4A5E-A2B0-316FEEF7A5E6}"
EndProject
Project("{8BC9CEB8-8B4A-11D0-8D11-00A0C91BC942}") = "OpenGLExercise02", "OpenGLExercise02\OpenGLExercise02.vcxproj", "{9446F823-9900-41FE-AEEB-3719BBAA8095}"
EndProject
Project("{8BC9CEB8-8B4A-11D0-8D11-00A0C91BC942}") = "OpenGLExercise03", "OpenGLExercise03\OpenGLExercise03.vcxproj", "{AA572395-B51C-4991-BFCB-803A76B28784}"
EndProject
Project("{8BC9CEB8-8B4A-11D0-8D11-00A0C91BC942}") = "OpenGLExercise04", "OpenGLExercise04\OpenGLExercise04.vcxproj", "{0D47699E-2739-4B13-A8E8-1C81C54325F7}"
EndProject
Project("{8BC9CEB8-8B4A-11D0-8D11-00A0C91BC942}") = "OpenGLConfig", "OpenGLConfig\OpenGLConfig.vcxproj", "{495DD0C3-0CFB-4966-9E54-09858DAA5B51}"
EndProject
Project("{8BC9CEB8-8B4A-11D0-8D11-00A0C91BC942}") = "OpenGLExercise05", "OpenGLExercise05\OpenGLExercise05.vcxproj", "{8071EF29-DD20-44A7-8BF0-6DE61AF49CBD}"
EndProject
Project("{8BC9CEB8-8B4A-11D0-8D11-00A0C91BC942}") = "OpenGLExercise06", "OpenGLExercise06\OpenGLExercise06.vcxproj", "{43E3A482-6F4A-47F1-BF98-9A211A52A282}"
EndProject
Project("{8BC9CEB8-8B4A-11D0-8D11-00A0C91BC942}") = "OpenGLExercise07", "OpenGLExercise07\OpenGLExercise07.vcxproj", "{1CE34EAF-0F5D-46C2-BCC6-99441C3EBFD4}"
EndProject
Project("{8BC9CEB8-8B4A-11D0-8D11-00A0C91BC942}") = "OpenGLExercise08", "OpenGLExercise08\OpenGLExercise08.vcxproj", "{958CCEDE-630A-4781-BB08-3FB2816A9F66}"
EndProject
Project("{8BC9CEB8-8B4A-11D0-8D11-00A0C91BC942}") = "OpenGLExercise09", "OpenGLExercise09\OpenGLExercise09.vcxproj", "{85511AEE-05A8-4328-BF3A-5143F3830AC2}"
EndProject
Project("{8BC9CEB8-8B4A-11D0-8D11-00A0C91BC942}") = "OpenGLExercise10", "OpenGLExercise10\OpenGLExercise10.vcxproj", "{FEC20C0C-7CE1-4103-BF57-20A3815A0A8C}"
EndProject
Project("{8BC9CEB8-8B4A-11D0-8D11-00A0C91BC942}") = "OpenGLExercise11", "OpenGLExercise11\OpenGLExercise11.vcxproj", "{4B90E264-DD92-4945-B41B-DCF824A6FF13}"
EndProject
Project("{8BC9CEB8-8B4A-11D0-8D11-00A0C91BC942}") = "OpenGLExercise12", "OpenGLExercise12\OpenGLExercise12.vcxproj", "{86DD616D-B9CD-4FA6-AB2E-9F7CFBE76823}"
EndProject
Global
	GlobalSection(SolutionConfigurationPlatforms) = preSolution
		Debug|x64 = Debug|x64
		Debug|x86 = Debug|x86
		Release|x64 = Release|x64
		Release|x86 = Release|x86
	EndGlobalSection
	GlobalSection(ProjectConfigurationPlatforms) = postSolution
		{BE1A04DD-8ACA-4A5E-A2B0-316FEEF7A5E6}.Debug|x64.ActiveCfg = Debug|x64
		{BE1A04DD-8ACA-4A5E-A2B0-316FEEF7A5E6}.Debug|x64.Build.0 = Debug|x64
		{BE1A04DD-8ACA-4A5E-A2B0-316FEEF7A5E6}.Debug|x86.ActiveCfg = Debug|Win32
		{BE1A04DD-8ACA-4A5E-A2B0-316FEEF7A5E6}.Debug|x86.Build.0 = Debug|Win32
		{BE1A04DD-8ACA-4A5E-A2B0-316FEEF7A5E6}.Release|x64.ActiveCfg = Release|x64
		{BE1A04DD-8ACA-4A5E-A2B0-316FEEF7A5E6}.Release|x64.Build.0 = Release|x64
		{BE1A04DD-8ACA-4A5E-A2B0-316FEEF7A5E6}.Release|x86.ActiveCfg = Release|Win32
		{BE1A04DD-8ACA-4A5E-A2B0-316FEEF7A5E6}.Release|x86.Build.0 = Release|Win32
		{9446F823-9900-41FE-AEEB-3719BBAA8095}.Debug|x64.ActiveCfg = Debug|x64
		{9446F823-9900-41FE-AEEB-3719BBAA8095}.Debug|x64.Build.0 = Debug|x64
		{9446F823-9900-41FE-AEEB-3719BBAA8095}.Debug|x86.ActiveCfg = Debug|Win32
		{9446F823-9900-41FE-AEEB-3719BBAA8095}.Debug|x86.Build.0 = Debug|Win32
		{9446F823-9900-41FE-AEEB-3719BBAA8095}.Release|x64.ActiveCfg = Release|x64
		{9446F823-9900-41FE-AEEB-3719BBAA8095}.Release|x64.Build.0 = Release|x64
		{9446F823-9900-41FE-AEEB-3719BBAA8095}.Release|x86.ActiveCfg = Release|Win32
		{9446F823-9900-41FE-AEEB-3719BBAA8095}.Release|x86.Build.0 = Release|Win32
		{AA572395-B51C-4991-BFCB-803A76B28784}.Debug|x64.ActiveCfg = Debug|x64
		{AA572395-B51C-4991-BFCB-803A76B28784}.Debug|x64.Build.0 = Debug|x64
		{AA572395-B51C-4991-BFCB-803A76B28784}.Debug|x86.ActiveCfg = Debug|Win32
		{AA572395-B51C-4991-BFCB-803A76B28784}.Debug|x86.Build.0 = Debug|Win32
		{AA572395-B51C-4991-BFCB-803A76B28784}.Release|x64.ActiveCfg = Release|x64
		{AA572395-B51C-4991-BFCB-803A76B28784}.Release|x64.Build.0 = Release|x64
		{AA572395-B51C-4991-BFCB-803A76B28784}.Release|x86.ActiveCfg = Release|Win32
		{AA572395-B51C-4991-BFCB-803A76B28784}.Release|x86.Build.0 = Release|Win32
		{0D47699E-2739-4B13-A8E8-1C81C54325F7}.Debug|x64.ActiveCfg = Debug|x64
		{0D47699E-2739-4B13-A8E8-1C81C54325F7}.Debug|x64.Build.0 = Debug|x64
		{0D47699E-2739-4B13-A8E8-1C81C54325F7}.Debug|x86.ActiveCfg = Debug|Win32
		{0D47699E-2739-4B13-A8E8-1C81C54325F7}.Debug|x86.Build.0 = Debug|Win32
		{0D47699E-2739-4B13-A8E8-1C81C54325F7}.Release|x64.ActiveCfg = Release|x64
		{0D47699E-2739-4B13-A8E8-1C81C54325F7}.Release|x64.Build.0 = Release|x64
		{0D47699E-2739-4B13-A8E8-1C81C54325F7}.Release|x86.ActiveCfg = Release|Win32
		{0D47699E-2739-4B13-A8E8-1C81C54325F7}.Release|x86.Build.0 = Release|Win32
		{495DD0C3-0CFB-4966-9E54-09858DAA5B51}.Debug|x64.ActiveCfg = Debug|x64
		{495DD0C3-0CFB-4966-9E54-09858DAA5B51}.Debug|x64.Build.0 = Debug|x64
		{495DD0C3-0CFB-4966-9E54-09858DAA5B51}.Debug|x86.ActiveCfg = Debug|Win32
		{495DD0C3-0CFB-4966-9E54-09858DAA5B51}.Debug|x86.Build.0 = Debug|Win32
		{495DD0C3-0CFB-4966-9E54-09858DAA5B51}.Release|x64.ActiveCfg = Release|x64
		{495DD0C3-0CFB-4966-9E54-09858DAA5B51}.Release|x64.Build.0 = Release|x64
		{495DD0C3-0CFB-4966-9E54-09858DAA5B51}.Release|x86.ActiveCfg = Release|Win32
		{495DD0C3-0CFB-4966-9E54-09858DAA5B51}.Release|x86.Build.0 = Release|Win32
		{8071EF29-DD20-44A7-8BF0-6DE61AF49CBD}.Debug|x64.ActiveCfg = Debug|x64
		{8071EF29-DD20-44A7-8BF0-6DE61AF49CBD}.Debug|x64.Build.0 = Debug|x64
		{8071EF29-DD20-44A7-8BF0-6DE61AF49CBD}.Debug|x86.ActiveCfg = Debug|Win32
		{8071EF29-DD20-44A7-8BF0-6DE61AF49CBD}.Debug|x86.Build.0 = Debug|Win32
		{8071EF29-DD20-44A7-8BF0-6DE61AF49CBD}.Release|x64.ActiveCfg = Release|x64
		{8071EF29-DD20-44A7-8BF0-6DE61AF49CBD}.Release|x64.Build.0 = Release|x64
		{8071EF29-DD20-44A7-8BF0-6DE61AF49CBD}.Release|x86.ActiveCfg = Release|Win32
		{8071EF29-DD20-44A7-8BF0-6DE61AF49CBD}.Release|x86.Build.0 = Release|Win32
		{43E3A482-6F4A-47F1-BF98-9A211A52A282}.Debug|x64.ActiveCfg = Debug|x64
		{43E3A482-6F4A-47F1-BF98-9A211A52A282}.Debug|x64.Build.0 = Debug|x64
		{43E3A482-6F4A-47F1-BF98-9A211A52A282}.Debug|x86.ActiveCfg = Debug|Win32
		{43E3A482-6F4A-47F1-BF98-9A211A52A282}.Debug|x86.Build.0 = Debug|Win32
		{43E3A482-6F4A-47F1-BF98-9A211A52A282}.Release|x64.ActiveCfg = Release|x64
		{43E3A482-6F4A-47F1-BF98-9A211A52A282}.Release|x64.Build.0 = Release|x64
		{43E3A482-6F4A-47F1-BF98-9A211A52A282}.Release|x86.ActiveCfg = Release|Win32
		{43E3A482-6F4A-47F1-BF98-9A211A52A282}.Release|x86.Build.0 = Release|Win32
		{1CE34EAF-0F5D-46C2-BCC6-99441C3EBFD4}.Debug|x64.ActiveCfg = Debug|x64
		{1CE34EAF-0F5D-46C2-BCC6-99441C3EBFD4}.Debug|x64.Build.0 = Debug|x64
		{1CE34EAF-0F5D-46C2-BCC6-99441C3EBFD4}.Debug|x86.ActiveCfg = Debug|Win32
		{1CE34EAF-0F5D-46C2-BCC6-99441C3EBFD4}.Debug|x86.Build.0 = Debug|Win32
		{1CE34EAF-0F5D-46C2-BCC6-99441C3EBFD4}.Release|x64.ActiveCfg = Release|x64
		{1CE34EAF-0F5D-46C2-BCC6-99441C3EBFD4}.Release|x64.Build.0 = Release|x64
		{1CE34EAF-0F5D-46C2-BCC6-99441C3EBFD4}.Release|x86.ActiveCfg = Release|Win32
		{1CE34EAF-0F5D-46C2-BCC6-99441C3EBFD4}.Release|x86.Build.0 = Release|Win32
		{958CCEDE-630A-4781-BB08-3FB2816A9F66}.Debug|x64.ActiveCfg = Debug|x64
		{958CCEDE-630A-4781-BB08-3FB2816A9F66}.Debug|x64.Build.0 = Debug|x64
		{958CCEDE-630A-4781-BB08-3FB2816A9F66}.Debug|x86.ActiveCfg = Debug|Win32
		{958CCEDE-630A-4781-BB08-3FB2816A9F66}.Debug|x86.Build.0 = Debug|Win32
		{958CCEDE-630A-4781-BB08-3FB2816A9F66}.Release|x64.ActiveCfg = Release|x64
		{958CCEDE-630A-4781-BB08-3FB2816A9F66}.Release|x64.Build.0 = Release|x64
		{958CCEDE-630A-4781-BB08-3FB2816A9F66}.Release|x86.ActiveCfg = Release|Win32
		{958CCEDE-630A-4781-BB08-3FB2816A9F66}.Release|x86.Build.0 = Release|Win32
		{85511AEE-05A8-4328-BF3A-5143F3830AC2}.Debug|x64.ActiveCfg = Debug|x64
		{85511AEE-05A8-4328-BF3A-5143F3830AC2}.Debug|x64.Build.0 = Debug|x64
		{85511AEE-05A8-4328-BF3A-5143F3830AC2}.Debug|x86.ActiveCfg = Debug|Win32
		{85511AEE-05A8-4328-BF3A-5143F3830AC2}.Debug|x86.Build.0 = Debug|Win32
		{85511AEE-05A8-4328-BF3A-5143F3830AC2}.Release|x64.ActiveCfg = Release|x64
		{85511AEE-05A8-4328-BF3A-5143F3830AC2}.Release|x64.Build.0 = Release|x64
		{85511AEE-05A8-4328-BF3A-5143F3830AC2}.Release|x86.ActiveCfg = Release|Win32
		{85511AEE-05A8-4328-BF3A-5143F3830AC2}.Release|x86.Build.0 = Release|Win32
		{FEC20C0C-7CE1-4103-BF57-20A3815A0A8C}.Debug|x64.ActiveCfg = Debug|x64
		{FEC20C0C-7CE1-4103-BF57-20A3815A0A8C}.Debug|x64.Build.0 = Debug|x64
		{FEC20C0C-7CE1-4103-BF57-20A3815A0A8C}.Debug|x86.ActiveCfg = Debug|Win32
		{FEC20C0C-7CE1-4103-BF57-20A3815A0A8C}.Debug|x86.Build.0 = Debug|Win32
		{FEC20C0C-7CE1-4103-BF57-20A3815A0A8C}.Release|x64.ActiveCfg = Release|x64
		{FEC20C0C-7CE1-4103-BF57-20A3815A0A8C}.Release|x64.Build.0 = Release|x64
		{FEC20C0C-7CE1-4103-BF57-20A3815A0A8C}.Release|x86.ActiveCfg = Release|Win32
		{FEC20C0C-7CE1-4103-BF57-20A3815A0A8C}.Release|x86.Build.0 = Release|Win32
		{4B90E264-DD92-4945-B41B-DCF824A6FF13}.Debug|x64.ActiveCfg = Debug|x64
		{4B90E264-DD92-4945-B41B-DCF824A6FF13}.Debug|x64.Build.0 = Debug|x64
		{4B90E264-DD92-4945-B41B-DCF824A6FF13}.Debug|x86.ActiveCfg = Debug|Win32
		{4B90E264-DD92-4945-B41B-DCF824A6FF13}.Debug|x86.Build.0 = Debug|Win32
		{4B90E264-DD92-4945-B41B-DCF824A6FF13}.Release|x64.ActiveCfg = Release|x64
		{4B90E264-DD92-4945-B41B-DCF824A6FF13}.Release|x64.Build.0 = Release|x64
		{4B90E264-DD92-4945-B41B-DCF824A6FF13}.Release|x86.ActiveCfg = Release|Win32
		{4B90E264-DD92-4945-B41B-DCF824A6FF13}.Release|x86.Build.0 = Release|Win32
		{86DD616D-B9CD-4FA6-AB2E-9F7CFBE76823}.Debug|x64.ActiveCfg = Debug|x64
		{86DD616D-B9CD-4FA6-AB2E-9F7CFBE76823}.Debug|x64.Build.0 = Debug|x64
		{86DD616D-B9CD-4FA6-AB2E-9F7CFBE76823}.Debug|x86.ActiveCfg = Debug|Win32
		{86DD616D-B9CD-4FA6-AB2E-9F7CFBE76823}.Debug|x86.Build.0 = Debug|Win32
		{86DD616D-B9CD-4FA6-AB2E-9F7CFBE76823}.Release|x64.ActiveCfg = Release|x64
		{86DD616D-B9CD-4FA6-AB2E-9F7CFBE76823}.Release|x64.Build.0 = Release|x64
		{86DD616D-B9CD-4FA6-AB2E-9F7CFBE76823}.Release|x86.ActiveCfg = Release|Win32
		{86DD616D-B9CD-4FA6-AB2E-9F7CFBE76823}.Release|x86.Build.0 = Release|Win32
	EndGlobalSection
	GlobalSection(SolutionProperties) = preSolution
		HideSolutionNode = FALSE
	EndGlobalSection
	GlobalSection(ExtensibilityGlobals) = postSolution
		SolutionGuid = {B75D91FE-7451-4F2C-8540-DE0B53E349D3}
	EndGlobalSection
EndGlobal
